{
  "name": "mohit",
  "version": "1.0.0",
  "lockfileVersion": 2,
  "requires": true,
  "packages": {
    "": {
      "name": "mohit",
      "version": "1.0.0",
      "license": "ISC",
      "dependencies": {
        "Math": "^0.0.1-security",
        "readline-sync": "^1.4.10"
      }
    },
    "node_modules/Math": {
      "version": "0.0.1-security",
      "resolved": "https://registry.npmjs.org/Math/-/Math-0.0.1-security.tgz",
      "integrity": "sha512-JFs/4QolpT0mrK13IY6A5JECh4UKBTa7jwOLM977XkFfFg7tyiOlkEmXvjQZSEBX01I1nkA1owLyJ25vWPkq2w=="
    },
    "node_modules/readline-sync": {
      "version": "1.4.10",
      "resolved": "https://registry.npmjs.org/readline-sync/-/readline-sync-1.4.10.tgz",
      "integrity": "sha512-gNva8/6UAe8QYepIQH/jQ2qn91Qj0B9sYjMBBs3QOB8F2CXcKgLxQaJRP76sWVRQt+QU+8fAkCbCvjjMFu7Ycw==",
      "engines": {
        "node": ">= 0.8.0"
      }
    }
  },
  "dependencies": {
    "Math": {
      "version": "0.0.1-security",
      "resolved": "https://registry.npmjs.org/Math/-/Math-0.0.1-security.tgz",
      "integrity": "sha512-JFs/4QolpT0mrK13IY6A5JECh4UKBTa7jwOLM977XkFfFg7tyiOlkEmXvjQZSEBX01I1nkA1owLyJ25vWPkq2w=="
    },
    "readline-sync": {
      "version": "1.4.10",
      "resolved": "https://registry.npmjs.org/readline-sync/-/readline-sync-1.4.10.tgz",
      "integrity": "sha512-gNva8/6UAe8QYepIQH/jQ2qn91Qj0B9sYjMBBs3QOB8F2CXcKgLxQaJRP76sWVRQt+QU+8fAkCbCvjjMFu7Ycw=="
    }
  }
}
